// !$*UTF8*$!
{
	archiveVersion = 1;
	classes = {
	};
	objectVersion = 46;
	objects = {

/* Begin PBXBuildFile section */
		8084F7D81DBC2D0B00D0BE86 /* AppDelegate.swift in Sources */ = {isa = PBXBuildFile; fileRef = 8084F7D71DBC2D0B00D0BE86 /* AppDelegate.swift */; };
		8084F7DA1DBC2D0B00D0BE86 /* ViewController.swift in Sources */ = {isa = PBXBuildFile; fileRef = 8084F7D91DBC2D0B00D0BE86 /* ViewController.swift */; };
		8084F7DD1DBC2D0B00D0BE86 /* Main.storyboard in Resources */ = {isa = PBXBuildFile; fileRef = 8084F7DB1DBC2D0B00D0BE86 /* Main.storyboard */; };
		8084F7E01DBC2D0B00D0BE86 /* movingView.xcdatamodeld in Sources */ = {isa = PBXBuildFile; fileRef = 8084F7DE1DBC2D0B00D0BE86 /* movingView.xcdatamodeld */; };
		8084F7E21DBC2D0B00D0BE86 /* Assets.xcassets in Resources */ = {isa = PBXBuildFile; fileRef = 8084F7E11DBC2D0B00D0BE86 /* Assets.xcassets */; };
		8084F7E51DBC2D0B00D0BE86 /* LaunchScreen.storyboard in Resources */ = {isa = PBXBuildFile; fileRef = 8084F7E31DBC2D0B00D0BE86 /* LaunchScreen.storyboard */; };
		8084F7ED1DBCA92D00D0BE86 /* KeychainSwiftDistrib.swift in Sources */ = {isa = PBXBuildFile; fileRef = 8084F7EC1DBCA92D00D0BE86 /* KeychainSwiftDistrib.swift */; };
/* End PBXBuildFile section */

/* Begin PBXFileReference section */
		8084F7D41DBC2D0B00D0BE86 /* movingView.app */ = {isa = PBXFileReference; explicitFileType = wrapper.application; includeInIndex = 0; path = movingView.app; sourceTree = BUILT_PRODUCTS_DIR; };
		8084F7D71DBC2D0B00D0BE86 /* AppDelegate.swift */ = {isa = PBXFileReference; lastKnownFileType = sourcecode.swift; path = AppDelegate.swift; sourceTree = "<group>"; };
		8084F7D91DBC2D0B00D0BE86 /* ViewController.swift */ = {isa = PBXFileReference; lastKnownFileType = sourcecode.swift; path = ViewController.swift; sourceTree = "<group>"; };
		8084F7DC1DBC2D0B00D0BE86 /* Base */ = {isa = PBXFileReference; lastKnownFileType = file.storyboard; name = Base; path = Base.lproj/Main.storyboard; sourceTree = "<group>"; };
		8084F7DF1DBC2D0B00D0BE86 /* movingView.xcdatamodel */ = {isa = PBXFileReference; lastKnownFileType = wrapper.xcdatamodel; path = movingView.xcdatamodel; sourceTree = "<group>"; };
		8084F7E11DBC2D0B00D0BE86 /* Assets.xcassets */ = {isa = PBXFileReference; lastKnownFileType = folder.assetcatalog; path = Assets.xcassets; sourceTree = "<group>"; };
		8084F7E41DBC2D0B00D0BE86 /* Base */ = {isa = PBXFileReference; lastKnownFileType = file.storyboard; name = Base; path = Base.lproj/LaunchScreen.storyboard; sourceTree = "<group>"; };
		8084F7E61DBC2D0B00D0BE86 /* Info.plist */ = {isa = PBXFileReference; lastKnownFileType = text.plist.xml; path = Info.plist; sourceTree = "<group>"; };
		8084F7EC1DBCA92D00D0BE86 /* KeychainSwiftDistrib.swift */ = {isa = PBXFileReference; fileEncoding = 4; lastKnownFileType = sourcecode.swift; path = KeychainSwiftDistrib.swift; sourceTree = "<group>"; };
/* End PBXFileReference section */

/* Begin PBXFrameworksBuildPhase section */
		8084F7D11DBC2D0B00D0BE86 /* Frameworks */ = {
			isa = PBXFrameworksBuildPhase;
			buildActionMask = 2147483647;
			files = (
			);
			runOnlyForDeploymentPostprocessing = 0;
		};
/* End PBXFrameworksBuildPhase section */

/* Begin PBXGroup section */
		8084F7CB1DBC2D0B00D0BE86 = {
			isa = PBXGroup;
			children = (
				8084F7D61DBC2D0B00D0BE86 /* movingView */,
				8084F7D51DBC2D0B00D0BE86 /* Products */,
			);
			sourceTree = "<group>";
		};
		8084F7D51DBC2D0B00D0BE86 /* Products */ = {
			isa = PBXGroup;
			children = (
				8084F7D41DBC2D0B00D0BE86 /* movingView.app */,
			);
			name = Products;
			sourceTree = "<group>";
		};
		8084F7D61DBC2D0B00D0BE86 /* movingView */ = {
			isa = PBXGroup;
			children = (
				8084F7D71DBC2D0B00D0BE86 /* AppDelegate.swift */,
				8084F7D91DBC2D0B00D0BE86 /* ViewController.swift */,
				8084F7DB1DBC2D0B00D0BE86 /* Main.storyboard */,
				8084F7E11DBC2D0B00D0BE86 /* Assets.xcassets */,
				8084F7E31DBC2D0B00D0BE86 /* LaunchScreen.storyboard */,
				8084F7E61DBC2D0B00D0BE86 /* Info.plist */,
				8084F7DE1DBC2D0B00D0BE86 /* movingView.xcdatamodeld */,
				8084F7EC1DBCA92D00D0BE86 /* KeychainSwiftDistrib.swift */,
			);
			path = movingView;
			sourceTree = "<group>";
		};
/* End PBXGroup section */

/* Begin PBXNativeTarget section */
		8084F7D31DBC2D0B00D0BE86 /* movingView */ = {
			isa = PBXNativeTarget;
			buildConfigurationList = 8084F7E91DBC2D0B00D0BE86 /* Build configuration list for PBXNativeTarget "movingView" */;
			buildPhases = (
				8084F7D01DBC2D0B00D0BE86 /* Sources */,
				8084F7D11DBC2D0B00D0BE86 /* Frameworks */,
				8084F7D21DBC2D0B00D0BE86 /* Resources */,
			);
			buildRules = (
			);
			dependencies = (
			);
			name = movingView;
			productName = movingView;
			productReference = 8084F7D41DBC2D0B00D0BE86 /* movingView.app */;
			productType = "com.apple.product-type.application";
		};
/* End PBXNativeTarget section */

/* Begin PBXProject section */
		8084F7CC1DBC2D0B00D0BE86 /* Project object */ = {
			isa = PBXProject;
			attributes = {
				LastSwiftUpdateCheck = 0800;
				LastUpgradeCheck = 0800;
				ORGANIZATIONNAME = "Mack FitzPatrick";
				TargetAttributes = {
					8084F7D31DBC2D0B00D0BE86 = {
						CreatedOnToolsVersion = 8.0;
						DevelopmentTeam = 2TK96B78YV;
						ProvisioningStyle = Automatic;
					};
				};
			};
			buildConfigurationList = 8084F7CF1DBC2D0B00D0BE86 /* Build configuration list for PBXProject "movingView" */;
			compatibilityVersion = "Xcode 3.2";
			developmentRegion = English;
			hasScannedForEncodings = 0;
			knownRegions = (
				en,
				Base,
			);
			mainGroup = 8084F7CB1DBC2D0B00D0BE86;
			productRefGroup = 8084F7D51DBC2D0B00D0BE86 /* Products */;
			projectDirPath = "";
			projectRoot = "";
			targets = (
				8084F7D31DBC2D0B00D0BE86 /* movingView */,
			);
		};
/* End PBXProject section */

/* Begin PBXResourcesBuildPhase section */
		8084F7D21DBC2D0B00D0BE86 /* Resources */ = {
			isa = PBXResourcesBuildPhase;
			buildActionMask = 2147483647;
			files = (
				8084F7E51DBC2D0B00D0BE86 /* LaunchScreen.storyboard in Resources */,
				8084F7E21DBC2D0B00D0BE86 /* Assets.xcassets in Resources */,
				8084F7DD1DBC2D0B00D0BE86 /* Main.storyboard in Resources */,
			);
			runOnlyForDeploymentPostprocessing = 0;
		};
/* End PBXResourcesBuildPhase section */

/* Begin PBXSourcesBuildPhase section */
		8084F7D01DBC2D0B00D0BE86 /* Sources */ = {
			isa = PBXSourcesBuildPhase;
			buildActionMask = 2147483647;
			files = (
				8084F7DA1DBC2D0B00D0BE86 /* ViewController.swift in Sources */,
				8084F7E01DBC2D0B00D0BE86 /* movingView.xcdatamodeld in Sources */,
				8084F7D81DBC2D0B00D0BE86 /* AppDelegate.swift in Sources */,
				8084F7ED1DBCA92D00D0BE86 /* KeychainSwiftDistrib.swift in Sources */,
			);
			runOnlyForDeploymentPostprocessing = 0;
		};
/* End PBXSourcesBuildPhase section */

/* Begin PBXVariantGroup section */
		8084F7DB1DBC2D0B00D0BE86 /* Main.storyboard */ = {
			isa = PBXVariantGroup;
			children = (
				8084F7DC1DBC2D0B00D0BE86 /* Base */,
			);
			name = Main.storyboard;
			sourceTree = "<group>";
		};
		8084F7E31DBC2D0B00D0BE86 /* LaunchScreen.storyboard */ = {
			isa = PBXVariantGroup;
			children = (
				8084F7E41DBC2D0B00D0BE86 /* Base */,
			);
			name = LaunchScreen.storyboard;
			sourceTree = "<group>";
		};
/* End PBXVariantGroup section */

/* Begin XCBuildConfiguration section */
		8084F7E71DBC2D0B00D0BE86 /* Debug */ = {
			isa = XCBuildConfiguration;
			buildSettings = {
				ALWAYS_SEARCH_USER_PATHS = NO;
				CLANG_ANALYZER_NONNULL = YES;
				CLANG_CXX_LANGUAGE_STANDARD = "gnu++0x";
				CLANG_CXX_LIBRARY = "libc++";
				CLANG_ENABLE_MODULES = YES;
				CLANG_ENABLE_OBJC_ARC = YES;
				CLANG_WARN_BOOL_CONVERSION = YES;
				CLANG_WARN_CONSTANT_CONVERSION = YES;
				CLANG_WARN_DIRECT_OBJC_ISA_USAGE = YES_ERROR;
				CLANG_WARN_DOCUMENTATION_COMMENTS = YES;
				CLANG_WARN_EMPTY_BODY = YES;
				CLANG_WARN_ENUM_CONVERSION = YES;
				CLANG_WARN_INFINITE_RECURSION = YES;
				CLANG_WARN_INT_CONVERSION = YES;
				CLANG_WARN_OBJC_ROOT_CLASS = YES_ERROR;
				CLANG_WARN_SUSPICIOUS_MOVES = YES;
				CLANG_WARN_UNREACHABLE_CODE = YES;
				CLANG_WARN__DUPLICATE_METHOD_MATCH = YES;
				"CODE_SIGN_IDENTITY[sdk=iphoneos*]" = "iPhone Developer";
				COPY_PHASE_STRIP = NO;
				DEBUG_INFORMATION_FORMAT = dwarf;
				ENABLE_STRICT_OBJC_MSGSEND = YES;
				ENABLE_TESTABILITY = YES;
				GCC_C_LANGUAGE_STANDARD = gnu99;
				GCC_DYNAMIC_NO_PIC = NO;
				GCC_NO_COMMON_BLOCKS = YES;
				GCC_OPTIMIZATION_LEVEL = 0;
				GCC_PREPROCESSOR_DEFINITIONS = (
					"DEBUG=1",
					"$(inherited)",
				);
				GCC_WARN_64_TO_32_BIT_CONVERSION = YES;
				GCC_WARN_ABOUT_RETURN_TYPE = YES_ERROR;
				GCC_WARN_UNDECLARED_SELECTOR = YES;
				GCC_WARN_UNINITIALIZED_AUTOS = YES_AGGRESSIVE;
				GCC_WARN_UNUSED_FUNCTION = YES;
				GCC_WARN_UNUSED_VARIABLE = YES;
				IPHONEOS_DEPLOYMENT_TARGET = 10.0;
				MTL_ENABLE_DEBUG_INFO = YES;
				ONLY_ACTIVE_ARCH = YES;
				SDKROOT = iphoneos;
				SWIFT_ACTIVE_COMPILATION_CONDITIONS = DEBUG;
				SWIFT_OPTIMIZATION_LEVEL = "-Onone";
			};
			name = Debug;
		};
		8084F7E81DBC2D0B00D0BE86 /* Release */ = {
			isa = XCBuildConfiguration;
			buildSettings = {
				ALWAYS_SEARCH_USER_PATHS = NO;
				CLANG_ANALYZER_NONNULL = YES;
				CLANG_CXX_LANGUAGE_STANDARD = "gnu++0x";
				CLANG_CXX_LIBRARY = "libc++";
				CLANG_ENABLE_MODULES = YES;
				CLANG_ENABLE_OBJC_ARC = YES;
				CLANG_WARN_BOOL_CONVERSION = YES;
				CLANG_WARN_CONSTANT_CONVERSION = YES;
				CLANG_WARN_DIRECT_OBJC_ISA_USAGE = YES_ERROR;
				CLANG_WARN_DOCUMENTATION_COMMENTS = YES;
				CLANG_WARN_EMPTY_BODY = YES;
				CLANG_WARN_ENUM_CONVERSION = YES;
				CLANG_WARN_INFINITE_RECURSION = YES;
				CLANG_WARN_INT_CONVERSION = YES;
				CLANG_WARN_OBJC_ROOT_CLASS = YES_ERROR;
				CLANG_WARN_SUSPICIOUS_MOVES = YES;
				CLANG_WARN_UNREACHABLE_CODE = YES;
				CLANG_WARN__DUPLICATE_METHOD_MATCH = YES;
				"CODE_SIGN_IDENTITY[sdk=iphoneos*]" = "iPhone Developer";
				COPY_PHASE_STRIP = NO;
				DEBUG_INFORMATION_FORMAT = "dwarf-with-dsym";
				ENABLE_NS_ASSERTIONS = NO;
				ENABLE_STRICT_OBJC_MSGSEND = YES;
				GCC_C_LANGUAGE_STANDARD = gnu99;
				GCC_NO_COMMON_BLOCKS = YES;
				GCC_WARN_64_TO_32_BIT_CONVERSION = YES;
				GCC_WARN_ABOUT_RETURN_TYPE = YES_ERROR;
				GCC_WARN_UNDECLARED_SELECTOR = YES;
				GCC_WARN_UNINITIALIZED_AUTOS = YES_AGGRESSIVE;
				GCC_WARN_UNUSED_FUNCTION = YES;
				GCC_WARN_UNUSED_VARIABLE = YES;
				IPHONEOS_DEPLOYMENT_TARGET = 10.0;
				MTL_ENABLE_DEBUG_INFO = NO;
				SDKROOT = iphoneos;
				SWIFT_OPTIMIZATION_LEVEL = "-Owholemodule";
				VALIDATE_PRODUCT = YES;
			};
			name = Release;
		};
		8084F7EA1DBC2D0B00D0BE86 /* Debug */ = {
			isa = XCBuildConfiguration;
			buildSettings = {
				ASSETCATALOG_COMPILER_APPICON_NAME = AppIcon;
				DEVELOPMENT_TEAM = 2TK96B78YV;
				INFOPLIST_FILE = movingView/Info.plist;
				LD_RUNPATH_SEARCH_PATHS = "$(inherited) @executable_path/Frameworks";
				PRODUCT_BUNDLE_IDENTIFIER = edu.harvard.college.movingView;
				PRODUCT_NAME = "$(TARGET_NAME)";
				SWIFT_VERSION = 3.0;
			};
			name = Debug;
		};
		8084F7EB1DBC2D0B00D0BE86 /* Release */ = {
			isa = XCBuildConfiguration;
			buildSettings = {
				ASSETCATALOG_COMPILER_APPICON_NAME = AppIcon;
				DEVELOPMENT_TEAM = 2TK96B78YV;
				INFOPLIST_FILE = movingView/Info.plist;
				LD_RUNPATH_SEARCH_PATHS = "$(inherited) @executable_path/Frameworks";
				PRODUCT_BUNDLE_IDENTIFIER = edu.harvard.college.movingView;
				PRODUCT_NAME = "$(TARGET_NAME)";
				SWIFT_VERSION = 3.0;
			};
			name = Release;
		};
/* End XCBuildConfiguration section */

/* Begin XCConfigurationList section */
		8084F7CF1DBC2D0B00D0BE86 /* Build configuration list for PBXProject "movingView" */ = {
			isa = XCConfigurationList;
			buildConfigurations = (
				8084F7E71DBC2D0B00D0BE86 /* Debug */,
				8084F7E81DBC2D0B00D0BE86 /* Release */,
			);
			defaultConfigurationIsVisible = 0;
			defaultConfigurationName = Release;
		};
		8084F7E91DBC2D0B00D0BE86 /* Build configuration list for PBXNativeTarget "movingView" */ = {
			isa = XCConfigurationList;
			buildConfigurations = (
				8084F7EA1DBC2D0B00D0BE86 /* Debug */,
				8084F7EB1DBC2D0B00D0BE86 /* Release */,
			);
			defaultConfigurationIsVisible = 0;
			defaultConfigurationName = Release;
		};
/* End XCConfigurationList section */

/* Begin XCVersionGroup section */
		8084F7DE1DBC2D0B00D0BE86 /* movingView.xcdatamodeld */ = {
			isa = XCVersionGroup;
			children = (
				8084F7DF1DBC2D0B00D0BE86 /* movingView.xcdatamodel */,
			);
			currentVersion = 8084F7DF1DBC2D0B00D0BE86 /* movingView.xcdatamodel */;
			path = movingView.xcdatamodeld;
			sourceTree = "<group>";
			versionGroupType = wrapper.xcdatamodel;
		};
/* End XCVersionGroup section */
	};
	rootObject = 8084F7CC1DBC2D0B00D0BE86 /* Project object */;
}
